
Microsoft Visual Studio Solution File, Format Version 12.00
# Visual Studio 15
VisualStudioVersion = 15.0.26403.7
MinimumVisualStudioVersion = 10.0.40219.1
Project("{FAE04EC0-301F-11D3-BF4B-00C04F79EFBC}") = "StudentHelper", "StudentHelper\StudentHelper.csproj", "{F22D8D55-B67B-4CFF-8919-1576B6CA8968}"
EndProject
Project("{2150E333-8FDC-42A3-9474-1A3956D46DE8}") = "Solution Items", "Solution Items", "{B520C700-7D45-4D82-BFB5-218FA68CF5CF}"
	ProjectSection(SolutionItems) = preProject
		Newtonsoft.Json-11.0.2\Src\global.json = Newtonsoft.Json-11.0.2\Src\global.json
		Newtonsoft.Json-11.0.2\Src\NuGet.Config = Newtonsoft.Json-11.0.2\Src\NuGet.Config
	EndProjectSection
EndProject
Global
	GlobalSection(SolutionConfigurationPlatforms) = preSolution
		Debug|Any CPU = Debug|Any CPU
		Debug|x64 = Debug|x64
		Debug|x86 = Debug|x86
		Release|Any CPU = Release|Any CPU
		Release|x64 = Release|x64
		Release|x86 = Release|x86
	EndGlobalSection
	GlobalSection(ProjectConfigurationPlatforms) = postSolution
		{F22D8D55-B67B-4CFF-8919-1576B6CA8968}.Debug|Any CPU.ActiveCfg = Debug|Any CPU
		{F22D8D55-B67B-4CFF-8919-1576B6CA8968}.Debug|Any CPU.Build.0 = Debug|Any CPU
		{F22D8D55-B67B-4CFF-8919-1576B6CA8968}.Debug|x64.ActiveCfg = Debug|Any CPU
		{F22D8D55-B67B-4CFF-8919-1576B6CA8968}.Debug|x64.Build.0 = Debug|Any CPU
		{F22D8D55-B67B-4CFF-8919-1576B6CA8968}.Debug|x86.ActiveCfg = Debug|Any CPU
		{F22D8D55-B67B-4CFF-8919-1576B6CA8968}.Debug|x86.Build.0 = Debug|Any CPU
		{F22D8D55-B67B-4CFF-8919-1576B6CA8968}.Release|Any CPU.ActiveCfg = Release|Any CPU
		{F22D8D55-B67B-4CFF-8919-1576B6CA8968}.Release|Any CPU.Build.0 = Release|Any CPU
		{F22D8D55-B67B-4CFF-8919-1576B6CA8968}.Release|x64.ActiveCfg = Release|Any CPU
		{F22D8D55-B67B-4CFF-8919-1576B6CA8968}.Release|x64.Build.0 = Release|Any CPU
		{F22D8D55-B67B-4CFF-8919-1576B6CA8968}.Release|x86.ActiveCfg = Release|Any CPU
		{F22D8D55-B67B-4CFF-8919-1576B6CA8968}.Release|x86.Build.0 = Release|Any CPU
	EndGlobalSection
	GlobalSection(SolutionProperties) = preSolution
		HideSolutionNode = FALSE
	EndGlobalSection
	GlobalSection(ExtensibilityGlobals) = postSolution
		SolutionGuid = {C3212240-BD19-4D89-944C-BF69D9C86926}
	EndGlobalSection
EndGlobal
